
Microsoft Visual Studio Solution File, Format Version 11.00
# Visual Studio 2010
Project("{FAE04EC0-301F-11D3-BF4B-00C04F79EFBC}") = "Parties", "Parties\Parties.csproj", "{E052B5FF-5CD9-43CB-B771-64AA3CC271EF}"
EndProject
Project("{FAE04EC0-301F-11D3-BF4B-00C04F79EFBC}") = "PartiesTests", "PartiesTests\PartiesTests.csproj", "{43A6D88B-C038-44A8-AF8A-80B062C34543}"
EndProject
Global
	GlobalSection(TestCaseManagementSettings) = postSolution
		CategoryFile = Parties.vsmdi
	EndGlobalSection
	GlobalSection(SolutionConfigurationPlatforms) = preSolution
		Debug|Any CPU = Debug|Any CPU
		Release|Any CPU = Release|Any CPU
	EndGlobalSection
	GlobalSection(ProjectConfigurationPlatforms) = postSolution
		{E052B5FF-5CD9-43CB-B771-64AA3CC271EF}.Debug|Any CPU.ActiveCfg = Debug|Any CPU
		{E052B5FF-5CD9-43CB-B771-64AA3CC271EF}.Debug|Any CPU.Build.0 = Debug|Any CPU
		{E052B5FF-5CD9-43CB-B771-64AA3CC271EF}.Release|Any CPU.ActiveCfg = Release|Any CPU
		{E052B5FF-5CD9-43CB-B771-64AA3CC271EF}.Release|Any CPU.Build.0 = Release|Any CPU
		{43A6D88B-C038-44A8-AF8A-80B062C34543}.Debug|Any CPU.ActiveCfg = Debug|Any CPU
		{43A6D88B-C038-44A8-AF8A-80B062C34543}.Debug|Any CPU.Build.0 = Debug|Any CPU
		{43A6D88B-C038-44A8-AF8A-80B062C34543}.Release|Any CPU.ActiveCfg = Release|Any CPU
		{43A6D88B-C038-44A8-AF8A-80B062C34543}.Release|Any CPU.Build.0 = Release|Any CPU
	EndGlobalSection
	GlobalSection(SolutionProperties) = preSolution
		HideSolutionNode = FALSE
	EndGlobalSection
EndGlobal
